// !$*UTF8*$!
{
	archiveVersion = 1;
	classes = {
	};
	objectVersion = 46;
	objects = {

/* Begin PBXBuildFile section */
		203F45A11A37B496004F7231 /* AppDelegate.swift in Sources */ = {isa = PBXBuildFile; fileRef = 203F45A01A37B496004F7231 /* AppDelegate.swift */; };
		203F45A31A37B496004F7231 /* ViewController.swift in Sources */ = {isa = PBXBuildFile; fileRef = 203F45A21A37B496004F7231 /* ViewController.swift */; };
		203F45A81A37B496004F7231 /* Images.xcassets in Resources */ = {isa = PBXBuildFile; fileRef = 203F45A71A37B496004F7231 /* Images.xcassets */; };
		203F45B71A37B496004F7231 /* SwiftSuperCrashTests.swift in Sources */ = {isa = PBXBuildFile; fileRef = 203F45B61A37B496004F7231 /* SwiftSuperCrashTests.swift */; };
		203F45C11A37B4A5004F7231 /* ViewControllerSubclass.swift in Sources */ = {isa = PBXBuildFile; fileRef = 203F45C01A37B4A5004F7231 /* ViewControllerSubclass.swift */; };
		207A320B1A3A358000E5F6A1 /* Tokens.swift in Sources */ = {isa = PBXBuildFile; fileRef = 207A320A1A3A358000E5F6A1 /* Tokens.swift */; };
		736764FBDAC8CA3CAA611C36 /* libPods-SwiftSuperCrash.a in Frameworks */ = {isa = PBXBuildFile; fileRef = A3008CB19440FE1F678CB14E /* libPods-SwiftSuperCrash.a */; };
/* End PBXBuildFile section */

/* Begin PBXContainerItemProxy section */
		203F45B11A37B496004F7231 /* PBXContainerItemProxy */ = {
			isa = PBXContainerItemProxy;
			containerPortal = 203F45931A37B496004F7231 /* Project object */;
			proxyType = 1;
			remoteGlobalIDString = 203F459A1A37B496004F7231;
			remoteInfo = SwiftSuperCrash;
		};
/* End PBXContainerItemProxy section */

/* Begin PBXFileReference section */
		203F459B1A37B496004F7231 /* SwiftSuperCrash.app */ = {isa = PBXFileReference; explicitFileType = wrapper.application; includeInIndex = 0; path = SwiftSuperCrash.app; sourceTree = BUILT_PRODUCTS_DIR; };
		203F459F1A37B496004F7231 /* Info.plist */ = {isa = PBXFileReference; lastKnownFileType = text.plist.xml; path = Info.plist; sourceTree = "<group>"; };
		203F45A01A37B496004F7231 /* AppDelegate.swift */ = {isa = PBXFileReference; lastKnownFileType = sourcecode.swift; path = AppDelegate.swift; sourceTree = "<group>"; };
		203F45A21A37B496004F7231 /* ViewController.swift */ = {isa = PBXFileReference; lastKnownFileType = sourcecode.swift; path = ViewController.swift; sourceTree = "<group>"; };
		203F45A71A37B496004F7231 /* Images.xcassets */ = {isa = PBXFileReference; lastKnownFileType = folder.assetcatalog; path = Images.xcassets; sourceTree = "<group>"; };
		203F45B01A37B496004F7231 /* SwiftSuperCrashTests.xctest */ = {isa = PBXFileReference; explicitFileType = wrapper.cfbundle; includeInIndex = 0; path = SwiftSuperCrashTests.xctest; sourceTree = BUILT_PRODUCTS_DIR; };
		203F45B51A37B496004F7231 /* Info.plist */ = {isa = PBXFileReference; lastKnownFileType = text.plist.xml; path = Info.plist; sourceTree = "<group>"; };
		203F45B61A37B496004F7231 /* SwiftSuperCrashTests.swift */ = {isa = PBXFileReference; lastKnownFileType = sourcecode.swift; path = SwiftSuperCrashTests.swift; sourceTree = "<group>"; };
		203F45C01A37B4A5004F7231 /* ViewControllerSubclass.swift */ = {isa = PBXFileReference; fileEncoding = 4; lastKnownFileType = sourcecode.swift; path = ViewControllerSubclass.swift; sourceTree = "<group>"; };
		207A32071A3A350100E5F6A1 /* SwiftSuperCrash-Bridging-Header.h */ = {isa = PBXFileReference; lastKnownFileType = sourcecode.c.h; path = "SwiftSuperCrash-Bridging-Header.h"; sourceTree = "<group>"; };
		207A320A1A3A358000E5F6A1 /* Tokens.swift */ = {isa = PBXFileReference; fileEncoding = 4; lastKnownFileType = sourcecode.swift; path = Tokens.swift; sourceTree = "<group>"; };
		207A320C1A3A35B900E5F6A1 /* Tokens.example.swift */ = {isa = PBXFileReference; fileEncoding = 4; lastKnownFileType = sourcecode.swift; path = Tokens.example.swift; sourceTree = "<group>"; };
		312A1EEBE9103FE6552AEBE4 /* Pods-SwiftSuperCrash.release.xcconfig */ = {isa = PBXFileReference; includeInIndex = 1; lastKnownFileType = text.xcconfig; name = "Pods-SwiftSuperCrash.release.xcconfig"; path = "Pods/Target Support Files/Pods-SwiftSuperCrash/Pods-SwiftSuperCrash.release.xcconfig"; sourceTree = "<group>"; };
		800AB3C00BFD6FB65695B0AF /* Pods-SwiftSuperCrash.debug.xcconfig */ = {isa = PBXFileReference; includeInIndex = 1; lastKnownFileType = text.xcconfig; name = "Pods-SwiftSuperCrash.debug.xcconfig"; path = "Pods/Target Support Files/Pods-SwiftSuperCrash/Pods-SwiftSuperCrash.debug.xcconfig"; sourceTree = "<group>"; };
		A3008CB19440FE1F678CB14E /* libPods-SwiftSuperCrash.a */ = {isa = PBXFileReference; explicitFileType = archive.ar; includeInIndex = 0; path = "libPods-SwiftSuperCrash.a"; sourceTree = BUILT_PRODUCTS_DIR; };
/* End PBXFileReference section */

/* Begin PBXFrameworksBuildPhase section */
		203F45981A37B496004F7231 /* Frameworks */ = {
			isa = PBXFrameworksBuildPhase;
			buildActionMask = 2147483647;
			files = (
				736764FBDAC8CA3CAA611C36 /* libPods-SwiftSuperCrash.a in Frameworks */,
			);
			runOnlyForDeploymentPostprocessing = 0;
		};
		203F45AD1A37B496004F7231 /* Frameworks */ = {
			isa = PBXFrameworksBuildPhase;
			buildActionMask = 2147483647;
			files = (
			);
			runOnlyForDeploymentPostprocessing = 0;
		};
/* End PBXFrameworksBuildPhase section */

/* Begin PBXGroup section */
		203F45921A37B496004F7231 = {
			isa = PBXGroup;
			children = (
				203F459D1A37B496004F7231 /* SwiftSuperCrash */,
				203F45B31A37B496004F7231 /* SwiftSuperCrashTests */,
				203F459C1A37B496004F7231 /* Products */,
				C6FE4B68F0587D62196CE2EE /* Pods */,
				DFEBBB80AEA8D297A607E4B1 /* Frameworks */,
			);
			sourceTree = "<group>";
		};
		203F459C1A37B496004F7231 /* Products */ = {
			isa = PBXGroup;
			children = (
				203F459B1A37B496004F7231 /* SwiftSuperCrash.app */,
				203F45B01A37B496004F7231 /* SwiftSuperCrashTests.xctest */,
			);
			name = Products;
			sourceTree = "<group>";
		};
		203F459D1A37B496004F7231 /* SwiftSuperCrash */ = {
			isa = PBXGroup;
			children = (
				207A320C1A3A35B900E5F6A1 /* Tokens.example.swift */,
				207A320A1A3A358000E5F6A1 /* Tokens.swift */,
				207A32071A3A350100E5F6A1 /* SwiftSuperCrash-Bridging-Header.h */,
				203F45A01A37B496004F7231 /* AppDelegate.swift */,
				203F45A21A37B496004F7231 /* ViewController.swift */,
				203F45C01A37B4A5004F7231 /* ViewControllerSubclass.swift */,
				203F45A71A37B496004F7231 /* Images.xcassets */,
				203F459E1A37B496004F7231 /* Supporting Files */,
			);
			path = SwiftSuperCrash;
			sourceTree = "<group>";
		};
		203F459E1A37B496004F7231 /* Supporting Files */ = {
			isa = PBXGroup;
			children = (
				203F459F1A37B496004F7231 /* Info.plist */,
			);
			name = "Supporting Files";
			sourceTree = "<group>";
		};
		203F45B31A37B496004F7231 /* SwiftSuperCrashTests */ = {
			isa = PBXGroup;
			children = (
				203F45B61A37B496004F7231 /* SwiftSuperCrashTests.swift */,
				203F45B41A37B496004F7231 /* Supporting Files */,
			);
			path = SwiftSuperCrashTests;
			sourceTree = "<group>";
		};
		203F45B41A37B496004F7231 /* Supporting Files */ = {
			isa = PBXGroup;
			children = (
				203F45B51A37B496004F7231 /* Info.plist */,
			);
			name = "Supporting Files";
			sourceTree = "<group>";
		};
		C6FE4B68F0587D62196CE2EE /* Pods */ = {
			isa = PBXGroup;
			children = (
				800AB3C00BFD6FB65695B0AF /* Pods-SwiftSuperCrash.debug.xcconfig */,
				312A1EEBE9103FE6552AEBE4 /* Pods-SwiftSuperCrash.release.xcconfig */,
			);
			name = Pods;
			sourceTree = "<group>";
		};
		DFEBBB80AEA8D297A607E4B1 /* Frameworks */ = {
			isa = PBXGroup;
			children = (
				A3008CB19440FE1F678CB14E /* libPods-SwiftSuperCrash.a */,
			);
			name = Frameworks;
			sourceTree = "<group>";
		};
/* End PBXGroup section */

/* Begin PBXNativeTarget section */
		203F459A1A37B496004F7231 /* SwiftSuperCrash */ = {
			isa = PBXNativeTarget;
			buildConfigurationList = 203F45BA1A37B496004F7231 /* Build configuration list for PBXNativeTarget "SwiftSuperCrash" */;
			buildPhases = (
				0AF3993219CC6C28FBDA6081 /* Check Pods Manifest.lock */,
				203F45971A37B496004F7231 /* Sources */,
				203F45981A37B496004F7231 /* Frameworks */,
				203F45991A37B496004F7231 /* Resources */,
				7A34CECDEF74A4E64E3CB2BE /* Copy Pods Resources */,
			);
			buildRules = (
			);
			dependencies = (
			);
			name = SwiftSuperCrash;
			productName = SwiftSuperCrash;
			productReference = 203F459B1A37B496004F7231 /* SwiftSuperCrash.app */;
			productType = "com.apple.product-type.application";
		};
		203F45AF1A37B496004F7231 /* SwiftSuperCrashTests */ = {
			isa = PBXNativeTarget;
			buildConfigurationList = 203F45BD1A37B496004F7231 /* Build configuration list for PBXNativeTarget "SwiftSuperCrashTests" */;
			buildPhases = (
				203F45AC1A37B496004F7231 /* Sources */,
				203F45AD1A37B496004F7231 /* Frameworks */,
				203F45AE1A37B496004F7231 /* Resources */,
			);
			buildRules = (
			);
			dependencies = (
				203F45B21A37B496004F7231 /* PBXTargetDependency */,
			);
			name = SwiftSuperCrashTests;
			productName = SwiftSuperCrashTests;
			productReference = 203F45B01A37B496004F7231 /* SwiftSuperCrashTests.xctest */;
			productType = "com.apple.product-type.bundle.unit-test";
		};
/* End PBXNativeTarget section */

/* Begin PBXProject section */
		203F45931A37B496004F7231 /* Project object */ = {
			isa = PBXProject;
			attributes = {
				LastUpgradeCheck = 0610;
				ORGANIZATIONNAME = "Nathan Broadbent";
				TargetAttributes = {
					203F459A1A37B496004F7231 = {
						CreatedOnToolsVersion = 6.1.1;
					};
					203F45AF1A37B496004F7231 = {
						CreatedOnToolsVersion = 6.1.1;
						TestTargetID = 203F459A1A37B496004F7231;
					};
				};
			};
			buildConfigurationList = 203F45961A37B496004F7231 /* Build configuration list for PBXProject "SwiftSuperCrash" */;
			compatibilityVersion = "Xcode 3.2";
			developmentRegion = English;
			hasScannedForEncodings = 0;
			knownRegions = (
				en,
				Base,
			);
			mainGroup = 203F45921A37B496004F7231;
			productRefGroup = 203F459C1A37B496004F7231 /* Products */;
			projectDirPath = "";
			projectRoot = "";
			targets = (
				203F459A1A37B496004F7231 /* SwiftSuperCrash */,
				203F45AF1A37B496004F7231 /* SwiftSuperCrashTests */,
			);
		};
/* End PBXProject section */

/* Begin PBXResourcesBuildPhase section */
		203F45991A37B496004F7231 /* Resources */ = {
			isa = PBXResourcesBuildPhase;
			buildActionMask = 2147483647;
			files = (
				203F45A81A37B496004F7231 /* Images.xcassets in Resources */,
			);
			runOnlyForDeploymentPostprocessing = 0;
		};
		203F45AE1A37B496004F7231 /* Resources */ = {
			isa = PBXResourcesBuildPhase;
			buildActionMask = 2147483647;
			files = (
			);
			runOnlyForDeploymentPostprocessing = 0;
		};
/* End PBXResourcesBuildPhase section */

/* Begin PBXShellScriptBuildPhase section */
		0AF3993219CC6C28FBDA6081 /* Check Pods Manifest.lock */ = {
			isa = PBXShellScriptBuildPhase;
			buildActionMask = 2147483647;
			files = (
			);
			inputPaths = (
			);
			name = "Check Pods Manifest.lock";
			outputPaths = (
			);
			runOnlyForDeploymentPostprocessing = 0;
			shellPath = /bin/sh;
			shellScript = "diff \"${PODS_ROOT}/../Podfile.lock\" \"${PODS_ROOT}/Manifest.lock\" > /dev/null\nif [[ $? != 0 ]] ; then\n    cat << EOM\nerror: The sandbox is not in sync with the Podfile.lock. Run 'pod install' or update your CocoaPods installation.\nEOM\n    exit 1\nfi\n";
			showEnvVarsInLog = 0;
		};
		7A34CECDEF74A4E64E3CB2BE /* Copy Pods Resources */ = {
			isa = PBXShellScriptBuildPhase;
			buildActionMask = 2147483647;
			files = (
			);
			inputPaths = (
			);
			name = "Copy Pods Resources";
			outputPaths = (
			);
			runOnlyForDeploymentPostprocessing = 0;
			shellPath = /bin/sh;
			shellScript = "\"${SRCROOT}/Pods/Target Support Files/Pods-SwiftSuperCrash/Pods-SwiftSuperCrash-resources.sh\"\n";
			showEnvVarsInLog = 0;
		};
/* End PBXShellScriptBuildPhase section */

/* Begin PBXSourcesBuildPhase section */
		203F45971A37B496004F7231 /* Sources */ = {
			isa = PBXSourcesBuildPhase;
			buildActionMask = 2147483647;
			files = (
				203F45A31A37B496004F7231 /* ViewController.swift in Sources */,
				207A320B1A3A358000E5F6A1 /* Tokens.swift in Sources */,
				203F45A11A37B496004F7231 /* AppDelegate.swift in Sources */,
				203F45C11A37B4A5004F7231 /* ViewControllerSubclass.swift in Sources */,
			);
			runOnlyForDeploymentPostprocessing = 0;
		};
		203F45AC1A37B496004F7231 /* Sources */ = {
			isa = PBXSourcesBuildPhase;
			buildActionMask = 2147483647;
			files = (
				203F45B71A37B496004F7231 /* SwiftSuperCrashTests.swift in Sources */,
			);
			runOnlyForDeploymentPostprocessing = 0;
		};
/* End PBXSourcesBuildPhase section */

/* Begin PBXTargetDependency section */
		203F45B21A37B496004F7231 /* PBXTargetDependency */ = {
			isa = PBXTargetDependency;
			target = 203F459A1A37B496004F7231 /* SwiftSuperCrash */;
			targetProxy = 203F45B11A37B496004F7231 /* PBXContainerItemProxy */;
		};
/* End PBXTargetDependency section */

/* Begin XCBuildConfiguration section */
		203F45B81A37B496004F7231 /* Debug */ = {
			isa = XCBuildConfiguration;
			buildSettings = {
				ALWAYS_SEARCH_USER_PATHS = NO;
				CLANG_CXX_LANGUAGE_STANDARD = "gnu++0x";
				CLANG_CXX_LIBRARY = "libc++";
				CLANG_ENABLE_MODULES = YES;
				CLANG_ENABLE_OBJC_ARC = YES;
				CLANG_WARN_BOOL_CONVERSION = YES;
				CLANG_WARN_CONSTANT_CONVERSION = YES;
				CLANG_WARN_DIRECT_OBJC_ISA_USAGE = YES_ERROR;
				CLANG_WARN_EMPTY_BODY = YES;
				CLANG_WARN_ENUM_CONVERSION = YES;
				CLANG_WARN_INT_CONVERSION = YES;
				CLANG_WARN_OBJC_ROOT_CLASS = YES_ERROR;
				CLANG_WARN_UNREACHABLE_CODE = YES;
				CLANG_WARN__DUPLICATE_METHOD_MATCH = YES;
				"CODE_SIGN_IDENTITY[sdk=iphoneos*]" = "iPhone Developer";
				COPY_PHASE_STRIP = NO;
				ENABLE_STRICT_OBJC_MSGSEND = YES;
				GCC_C_LANGUAGE_STANDARD = gnu99;
				GCC_DYNAMIC_NO_PIC = NO;
				GCC_OPTIMIZATION_LEVEL = 0;
				GCC_PREPROCESSOR_DEFINITIONS = (
					"DEBUG=1",
					"$(inherited)",
				);
				GCC_SYMBOLS_PRIVATE_EXTERN = NO;
				GCC_WARN_64_TO_32_BIT_CONVERSION = YES;
				GCC_WARN_ABOUT_RETURN_TYPE = YES_ERROR;
				GCC_WARN_UNDECLARED_SELECTOR = YES;
				GCC_WARN_UNINITIALIZED_AUTOS = YES_AGGRESSIVE;
				GCC_WARN_UNUSED_FUNCTION = YES;
				GCC_WARN_UNUSED_VARIABLE = YES;
				IPHONEOS_DEPLOYMENT_TARGET = 8.1;
				MTL_ENABLE_DEBUG_INFO = YES;
				ONLY_ACTIVE_ARCH = YES;
				SDKROOT = iphoneos;
				SWIFT_OPTIMIZATION_LEVEL = "-Onone";
				TARGETED_DEVICE_FAMILY = "1,2";
			};
			name = Debug;
		};
		203F45B91A37B496004F7231 /* Release */ = {
			isa = XCBuildConfiguration;
			buildSettings = {
				ALWAYS_SEARCH_USER_PATHS = NO;
				CLANG_CXX_LANGUAGE_STANDARD = "gnu++0x";
				CLANG_CXX_LIBRARY = "libc++";
				CLANG_ENABLE_MODULES = YES;
				CLANG_ENABLE_OBJC_ARC = YES;
				CLANG_WARN_BOOL_CONVERSION = YES;
				CLANG_WARN_CONSTANT_CONVERSION = YES;
				CLANG_WARN_DIRECT_OBJC_ISA_USAGE = YES_ERROR;
				CLANG_WARN_EMPTY_BODY = YES;
				CLANG_WARN_ENUM_CONVERSION = YES;
				CLANG_WARN_INT_CONVERSION = YES;
				CLANG_WARN_OBJC_ROOT_CLASS = YES_ERROR;
				CLANG_WARN_UNREACHABLE_CODE = YES;
				CLANG_WARN__DUPLICATE_METHOD_MATCH = YES;
				"CODE_SIGN_IDENTITY[sdk=iphoneos*]" = "iPhone Developer";
				COPY_PHASE_STRIP = YES;
				ENABLE_NS_ASSERTIONS = NO;
				ENABLE_STRICT_OBJC_MSGSEND = YES;
				GCC_C_LANGUAGE_STANDARD = gnu99;
				GCC_WARN_64_TO_32_BIT_CONVERSION = YES;
				GCC_WARN_ABOUT_RETURN_TYPE = YES_ERROR;
				GCC_WARN_UNDECLARED_SELECTOR = YES;
				GCC_WARN_UNINITIALIZED_AUTOS = YES_AGGRESSIVE;
				GCC_WARN_UNUSED_FUNCTION = YES;
				GCC_WARN_UNUSED_VARIABLE = YES;
				IPHONEOS_DEPLOYMENT_TARGET = 8.1;
				MTL_ENABLE_DEBUG_INFO = NO;
				SDKROOT = iphoneos;
				TARGETED_DEVICE_FAMILY = "1,2";
				VALIDATE_PRODUCT = YES;
			};
			name = Release;
		};
		203F45BB1A37B496004F7231 /* Debug */ = {
			isa = XCBuildConfiguration;
			baseConfigurationReference = 800AB3C00BFD6FB65695B0AF /* Pods-SwiftSuperCrash.debug.xcconfig */;
			buildSettings = {
				ASSETCATALOG_COMPILER_APPICON_NAME = AppIcon;
				CLANG_ENABLE_MODULES = YES;
				GCC_OPTIMIZATION_LEVEL = 0;
				INFOPLIST_FILE = SwiftSuperCrash/Info.plist;
				LD_RUNPATH_SEARCH_PATHS = "$(inherited) @executable_path/Frameworks";
				PRODUCT_NAME = "$(TARGET_NAME)";
				PROVISIONING_PROFILE = "";
				SWIFT_OBJC_BRIDGING_HEADER = "SwiftSuperCrash/SwiftSuperCrash-Bridging-Header.h";
				SWIFT_OPTIMIZATION_LEVEL = "-Onone";
			};
			name = Debug;
		};
		203F45BC1A37B496004F7231 /* Release */ = {
			isa = XCBuildConfiguration;
			baseConfigurationReference = 312A1EEBE9103FE6552AEBE4 /* Pods-SwiftSuperCrash.release.xcconfig */;
			buildSettings = {
				ASSETCATALOG_COMPILER_APPICON_NAME = AppIcon;
				CLANG_ENABLE_MODULES = YES;
				INFOPLIST_FILE = SwiftSuperCrash/Info.plist;
				LD_RUNPATH_SEARCH_PATHS = "$(inherited) @executable_path/Frameworks";
				PRODUCT_NAME = "$(TARGET_NAME)";
				PROVISIONING_PROFILE = "a8d6f867-4cfb-4f2b-a65f-069019601cff";
				SWIFT_OBJC_BRIDGING_HEADER = "SwiftSuperCrash/SwiftSuperCrash-Bridging-Header.h";
			};
			name = Release;
		};
		203F45BE1A37B496004F7231 /* Debug */ = {
			isa = XCBuildConfiguration;
			buildSettings = {
				BUNDLE_LOADER = "$(TEST_HOST)";
				FRAMEWORK_SEARCH_PATHS = (
					"$(SDKROOT)/Developer/Library/Frameworks",
					"$(inherited)",
				);
				GCC_PREPROCESSOR_DEFINITIONS = (
					"DEBUG=1",
					"$(inherited)",
				);
				INFOPLIST_FILE = SwiftSuperCrashTests/Info.plist;
				LD_RUNPATH_SEARCH_PATHS = "$(inherited) @executable_path/Frameworks @loader_path/Frameworks";
				PRODUCT_NAME = "$(TARGET_NAME)";
				TEST_HOST = "$(BUILT_PRODUCTS_DIR)/SwiftSuperCrash.app/SwiftSuperCrash";
			};
			name = Debug;
		};
		203F45BF1A37B496004F7231 /* Release */ = {
			isa = XCBuildConfiguration;
			buildSettings = {
				BUNDLE_LOADER = "$(TEST_HOST)";
				FRAMEWORK_SEARCH_PATHS = (
					"$(SDKROOT)/Developer/Library/Frameworks",
					"$(inherited)",
				);
				INFOPLIST_FILE = SwiftSuperCrashTests/Info.plist;
				LD_RUNPATH_SEARCH_PATHS = "$(inherited) @executable_path/Frameworks @loader_path/Frameworks";
				PRODUCT_NAME = "$(TARGET_NAME)";
				TEST_HOST = "$(BUILT_PRODUCTS_DIR)/SwiftSuperCrash.app/SwiftSuperCrash";
			};
			name = Release;
		};
/* End XCBuildConfiguration section */

/* Begin XCConfigurationList section */
		203F45961A37B496004F7231 /* Build configuration list for PBXProject "SwiftSuperCrash" */ = {
			isa = XCConfigurationList;
			buildConfigurations = (
				203F45B81A37B496004F7231 /* Debug */,
				203F45B91A37B496004F7231 /* Release */,
			);
			defaultConfigurationIsVisible = 0;
			defaultConfigurationName = Release;
		};
		203F45BA1A37B496004F7231 /* Build configuration list for PBXNativeTarget "SwiftSuperCrash" */ = {
			isa = XCConfigurationList;
			buildConfigurations = (
				203F45BB1A37B496004F7231 /* Debug */,
				203F45BC1A37B496004F7231 /* Release */,
			);
			defaultConfigurationIsVisible = 0;
			defaultConfigurationName = Release;
		};
		203F45BD1A37B496004F7231 /* Build configuration list for PBXNativeTarget "SwiftSuperCrashTests" */ = {
			isa = XCConfigurationList;
			buildConfigurations = (
				203F45BE1A37B496004F7231 /* Debug */,
				203F45BF1A37B496004F7231 /* Release */,
			);
			defaultConfigurationIsVisible = 0;
			defaultConfigurationName = Release;
		};
/* End XCConfigurationList section */
	};
	rootObject = 203F45931A37B496004F7231 /* Project object */;
}
